
Microsoft Visual Studio Solution File, Format Version 12.00
# Visual Studio 15
VisualStudioVersion = 15.0.34526.175
MinimumVisualStudioVersion = 10.0.40219.1
Project("{FAE04EC0-301F-11D3-BF4B-00C04F79EFBC}") = "Run-Alternative", "RunAlternative\Run-Alternative.csproj", "{7EF8D2F0-A8D0-49C0-9821-A2583EEB3CD9}"
EndProject
Global
	GlobalSection(SolutionConfigurationPlatforms) = preSolution
		Debug|Any CPU = Debug|Any CPU
		Release|Any CPU = Release|Any CPU
	EndGlobalSection
	GlobalSection(ProjectConfigurationPlatforms) = postSolution
		{7EF8D2F0-A8D0-49C0-9821-A2583EEB3CD9}.Debug|Any CPU.ActiveCfg = Debug|Any CPU
		{7EF8D2F0-A8D0-49C0-9821-A2583EEB3CD9}.Debug|Any CPU.Build.0 = Debug|Any CPU
		{7EF8D2F0-A8D0-49C0-9821-A2583EEB3CD9}.Release|Any CPU.ActiveCfg = Release|Any CPU
		{7EF8D2F0-A8D0-49C0-9821-A2583EEB3CD9}.Release|Any CPU.Build.0 = Release|Any CPU
	EndGlobalSection
	GlobalSection(SolutionProperties) = preSolution
		HideSolutionNode = FALSE
	EndGlobalSection
	GlobalSection(ExtensibilityGlobals) = postSolution
		SolutionGuid = {B07F936D-0265-4E1F-A2F4-E28451C3B3E9}
	EndGlobalSection
EndGlobal
